PODS:
  - LTIMSDK (5.3.2)
  - LTSDK (5.3.2)

DEPENDENCIES:
  - LTIMSDK
  - LTSDK

SPEC REPOS:
  trunk:
    - LTIMSDK
    - LTSDK

SPEC CHECKSUMS:
  LTIMSDK: 76b5955596f7a693f5b0181f036f96ec99dd303d
  LTSDK: 94ea87a159c190686a656e0539c3b6c78fd53183

PODFILE CHECKSUM: a082bdfdc5abec33ea5cca4833444421a3c49a72

COCOAPODS: 1.15.2
